
Microsoft Visual Studio Solution File, Format Version 12.00
# Visual Studio Version 17
VisualStudioVersion = 17.5.002.0
MinimumVisualStudioVersion = 10.0.40219.1
Project("{2150E333-8FDC-42A3-9474-1A3956D46DE8}") = "csharp-prep", "csharp-prep", "{CDC2D07E-5812-4B73-92DF-72BDF498A3FA}"
EndProject
Project("{9A19103F-16F7-4668-BE54-9A1E7A4F7556}") = "Prep1", "csharp-prep\Prep1\Prep1.csproj", "{5DEF088D-8F11-4ED4-8B38-008907EA1198}"
EndProject
Project("{9A19103F-16F7-4668-BE54-9A1E7A4F7556}") = "Prep2", "csharp-prep\Prep2\Prep2.csproj", "{FC4131FF-48E2-4A2D-A7DB-09E1FFE9B5BB}"
EndProject
Project("{9A19103F-16F7-4668-BE54-9A1E7A4F7556}") = "Prep3", "csharp-prep\Prep3\Prep3.csproj", "{270026D2-CDA6-4124-B153-51C9D0DD78D6}"
EndProject
Project("{9A19103F-16F7-4668-BE54-9A1E7A4F7556}") = "Prep4", "csharp-prep\Prep4\Prep4.csproj", "{DDE1EC8D-FA84-4823-9B68-3B86A7CFE449}"
EndProject
Project("{9A19103F-16F7-4668-BE54-9A1E7A4F7556}") = "Prep5", "csharp-prep\Prep5\Prep5.csproj", "{2C76B78C-1B32-47D0-8755-7C26EBA806C4}"
EndProject
Project("{2150E333-8FDC-42A3-9474-1A3956D46DE8}") = "final", "final", "{D7F134AC-BD76-4AF4-A492-7FE7BC21B2DF}"
EndProject
Project("{9A19103F-16F7-4668-BE54-9A1E7A4F7556}") = "FinalProject", "final\FinalProject\FinalProject.csproj", "{52524C94-4F9F-4088-963A-BB7A64845D8B}"
EndProject
Project("{9A19103F-16F7-4668-BE54-9A1E7A4F7556}") = "Foundation1", "final\Foundation1\Foundation1.csproj", "{691115AE-D86F-4591-AC16-6B57A30ECEDC}"
EndProject
Project("{9A19103F-16F7-4668-BE54-9A1E7A4F7556}") = "Foundation2", "final\Foundation2\Foundation2.csproj", "{23E4609A-9DE9-462E-BC7B-886FD8048BB8}"
EndProject
Project("{9A19103F-16F7-4668-BE54-9A1E7A4F7556}") = "Foundation3", "final\Foundation3\Foundation3.csproj", "{C7B7E20F-02BB-40F8-BF18-795B1292DFDC}"
EndProject
Project("{9A19103F-16F7-4668-BE54-9A1E7A4F7556}") = "Foundation4", "final\Foundation4\Foundation4.csproj", "{39897CA9-780E-412C-9F17-E30F16D361B7}"
EndProject
Project("{2150E333-8FDC-42A3-9474-1A3956D46DE8}") = "prepare", "prepare", "{C7C99C1F-9C7E-410F-A42A-B80F89C2672D}"
EndProject
Project("{9A19103F-16F7-4668-BE54-9A1E7A4F7556}") = "Learning02", "prepare\Learning02\Learning02.csproj", "{97963C88-65FF-4BD1-8EF7-7E0382035BE6}"
EndProject
Project("{9A19103F-16F7-4668-BE54-9A1E7A4F7556}") = "Learning03", "prepare\Learning03\Learning03.csproj", "{C0AE955B-0E54-4C69-A7F1-B7D23DB65E68}"
EndProject
Project("{9A19103F-16F7-4668-BE54-9A1E7A4F7556}") = "Learning04", "prepare\Learning04\Learning04.csproj", "{35DCFE64-C8B6-4BD8-AE7D-359DEB53C32B}"
EndProject
Project("{9A19103F-16F7-4668-BE54-9A1E7A4F7556}") = "Learning05", "prepare\Learning05\Learning05.csproj", "{E14F440B-5178-48C2-A418-9D27CB09A999}"
EndProject
Project("{2150E333-8FDC-42A3-9474-1A3956D46DE8}") = "prove", "prove", "{CB035415-47C0-42A2-AF97-43C0DF241947}"
EndProject
Project("{9A19103F-16F7-4668-BE54-9A1E7A4F7556}") = "Develop02", "prove\Develop02\Develop02.csproj", "{0E1F73E2-1017-48DC-9346-70124DF48C89}"
EndProject
Project("{9A19103F-16F7-4668-BE54-9A1E7A4F7556}") = "Develop03", "prove\Develop03\Develop03.csproj", "{3C5498DD-9ED0-4F4C-B631-8483ADF942E8}"
EndProject
Project("{9A19103F-16F7-4668-BE54-9A1E7A4F7556}") = "Develop04", "prove\Develop04\Develop04.csproj", "{EF76D098-CDCE-4A50-847B-57AB9ACBC002}"
EndProject
Project("{9A19103F-16F7-4668-BE54-9A1E7A4F7556}") = "Develop05", "prove\Develop05\Develop05.csproj", "{F6B954D1-1924-4D3C-B8F2-749C2C874587}"
EndProject
Project("{2150E333-8FDC-42A3-9474-1A3956D46DE8}") = "sandbox", "sandbox", "{E97B7709-EBBD-4292-B74F-B4D45FCECDAC}"
EndProject
Project("{9A19103F-16F7-4668-BE54-9A1E7A4F7556}") = "Sandbox", "sandbox\Sandbox\Sandbox.csproj", "{66EA6D5B-650C-4FDE-B25B-7D79B3AEFA97}"
EndProject
Global
	GlobalSection(SolutionConfigurationPlatforms) = preSolution
		Debug|Any CPU = Debug|Any CPU
		Release|Any CPU = Release|Any CPU
	EndGlobalSection
	GlobalSection(ProjectConfigurationPlatforms) = postSolution
		{5DEF088D-8F11-4ED4-8B38-008907EA1198}.Debug|Any CPU.ActiveCfg = Debug|Any CPU
		{5DEF088D-8F11-4ED4-8B38-008907EA1198}.Debug|Any CPU.Build.0 = Debug|Any CPU
		{5DEF088D-8F11-4ED4-8B38-008907EA1198}.Release|Any CPU.ActiveCfg = Release|Any CPU
		{5DEF088D-8F11-4ED4-8B38-008907EA1198}.Release|Any CPU.Build.0 = Release|Any CPU
		{FC4131FF-48E2-4A2D-A7DB-09E1FFE9B5BB}.Debug|Any CPU.ActiveCfg = Debug|Any CPU
		{FC4131FF-48E2-4A2D-A7DB-09E1FFE9B5BB}.Debug|Any CPU.Build.0 = Debug|Any CPU
		{FC4131FF-48E2-4A2D-A7DB-09E1FFE9B5BB}.Release|Any CPU.ActiveCfg = Release|Any CPU
		{FC4131FF-48E2-4A2D-A7DB-09E1FFE9B5BB}.Release|Any CPU.Build.0 = Release|Any CPU
		{270026D2-CDA6-4124-B153-51C9D0DD78D6}.Debug|Any CPU.ActiveCfg = Debug|Any CPU
		{270026D2-CDA6-4124-B153-51C9D0DD78D6}.Debug|Any CPU.Build.0 = Debug|Any CPU
		{270026D2-CDA6-4124-B153-51C9D0DD78D6}.Release|Any CPU.ActiveCfg = Release|Any CPU
		{270026D2-CDA6-4124-B153-51C9D0DD78D6}.Release|Any CPU.Build.0 = Release|Any CPU
		{DDE1EC8D-FA84-4823-9B68-3B86A7CFE449}.Debug|Any CPU.ActiveCfg = Debug|Any CPU
		{DDE1EC8D-FA84-4823-9B68-3B86A7CFE449}.Debug|Any CPU.Build.0 = Debug|Any CPU
		{DDE1EC8D-FA84-4823-9B68-3B86A7CFE449}.Release|Any CPU.ActiveCfg = Release|Any CPU
		{DDE1EC8D-FA84-4823-9B68-3B86A7CFE449}.Release|Any CPU.Build.0 = Release|Any CPU
		{2C76B78C-1B32-47D0-8755-7C26EBA806C4}.Debug|Any CPU.ActiveCfg = Debug|Any CPU
		{2C76B78C-1B32-47D0-8755-7C26EBA806C4}.Debug|Any CPU.Build.0 = Debug|Any CPU
		{2C76B78C-1B32-47D0-8755-7C26EBA806C4}.Release|Any CPU.ActiveCfg = Release|Any CPU
		{2C76B78C-1B32-47D0-8755-7C26EBA806C4}.Release|Any CPU.Build.0 = Release|Any CPU
		{52524C94-4F9F-4088-963A-BB7A64845D8B}.Debug|Any CPU.ActiveCfg = Debug|Any CPU
		{52524C94-4F9F-4088-963A-BB7A64845D8B}.Debug|Any CPU.Build.0 = Debug|Any CPU
		{52524C94-4F9F-4088-963A-BB7A64845D8B}.Release|Any CPU.ActiveCfg = Release|Any CPU
		{52524C94-4F9F-4088-963A-BB7A64845D8B}.Release|Any CPU.Build.0 = Release|Any CPU
		{691115AE-D86F-4591-AC16-6B57A30ECEDC}.Debug|Any CPU.ActiveCfg = Debug|Any CPU
		{691115AE-D86F-4591-AC16-6B57A30ECEDC}.Debug|Any CPU.Build.0 = Debug|Any CPU
		{691115AE-D86F-4591-AC16-6B57A30ECEDC}.Release|Any CPU.ActiveCfg = Release|Any CPU
		{691115AE-D86F-4591-AC16-6B57A30ECEDC}.Release|Any CPU.Build.0 = Release|Any CPU
		{23E4609A-9DE9-462E-BC7B-886FD8048BB8}.Debug|Any CPU.ActiveCfg = Debug|Any CPU
		{23E4609A-9DE9-462E-BC7B-886FD8048BB8}.Debug|Any CPU.Build.0 = Debug|Any CPU
		{23E4609A-9DE9-462E-BC7B-886FD8048BB8}.Release|Any CPU.ActiveCfg = Release|Any CPU
		{23E4609A-9DE9-462E-BC7B-886FD8048BB8}.Release|Any CPU.Build.0 = Release|Any CPU
		{C7B7E20F-02BB-40F8-BF18-795B1292DFDC}.Debug|Any CPU.ActiveCfg = Debug|Any CPU
		{C7B7E20F-02BB-40F8-BF18-795B1292DFDC}.Debug|Any CPU.Build.0 = Debug|Any CPU
		{C7B7E20F-02BB-40F8-BF18-795B1292DFDC}.Release|Any CPU.ActiveCfg = Release|Any CPU
		{C7B7E20F-02BB-40F8-BF18-795B1292DFDC}.Release|Any CPU.Build.0 = Release|Any CPU
		{39897CA9-780E-412C-9F17-E30F16D361B7}.Debug|Any CPU.ActiveCfg = Debug|Any CPU
		{39897CA9-780E-412C-9F17-E30F16D361B7}.Debug|Any CPU.Build.0 = Debug|Any CPU
		{39897CA9-780E-412C-9F17-E30F16D361B7}.Release|Any CPU.ActiveCfg = Release|Any CPU
		{39897CA9-780E-412C-9F17-E30F16D361B7}.Release|Any CPU.Build.0 = Release|Any CPU
		{97963C88-65FF-4BD1-8EF7-7E0382035BE6}.Debug|Any CPU.ActiveCfg = Debug|Any CPU
		{97963C88-65FF-4BD1-8EF7-7E0382035BE6}.Debug|Any CPU.Build.0 = Debug|Any CPU
		{97963C88-65FF-4BD1-8EF7-7E0382035BE6}.Release|Any CPU.ActiveCfg = Release|Any CPU
		{97963C88-65FF-4BD1-8EF7-7E0382035BE6}.Release|Any CPU.Build.0 = Release|Any CPU
		{C0AE955B-0E54-4C69-A7F1-B7D23DB65E68}.Debug|Any CPU.ActiveCfg = Debug|Any CPU
		{C0AE955B-0E54-4C69-A7F1-B7D23DB65E68}.Debug|Any CPU.Build.0 = Debug|Any CPU
		{C0AE955B-0E54-4C69-A7F1-B7D23DB65E68}.Release|Any CPU.ActiveCfg = Release|Any CPU
		{C0AE955B-0E54-4C69-A7F1-B7D23DB65E68}.Release|Any CPU.Build.0 = Release|Any CPU
		{35DCFE64-C8B6-4BD8-AE7D-359DEB53C32B}.Debug|Any CPU.ActiveCfg = Debug|Any CPU
		{35DCFE64-C8B6-4BD8-AE7D-359DEB53C32B}.Debug|Any CPU.Build.0 = Debug|Any CPU
		{35DCFE64-C8B6-4BD8-AE7D-359DEB53C32B}.Release|Any CPU.ActiveCfg = Release|Any CPU
		{35DCFE64-C8B6-4BD8-AE7D-359DEB53C32B}.Release|Any CPU.Build.0 = Release|Any CPU
		{E14F440B-5178-48C2-A418-9D27CB09A999}.Debug|Any CPU.ActiveCfg = Debug|Any CPU
		{E14F440B-5178-48C2-A418-9D27CB09A999}.Debug|Any CPU.Build.0 = Debug|Any CPU
		{E14F440B-5178-48C2-A418-9D27CB09A999}.Release|Any CPU.ActiveCfg = Release|Any CPU
		{E14F440B-5178-48C2-A418-9D27CB09A999}.Release|Any CPU.Build.0 = Release|Any CPU
		{0E1F73E2-1017-48DC-9346-70124DF48C89}.Debug|Any CPU.ActiveCfg = Debug|Any CPU
		{0E1F73E2-1017-48DC-9346-70124DF48C89}.Debug|Any CPU.Build.0 = Debug|Any CPU
		{0E1F73E2-1017-48DC-9346-70124DF48C89}.Release|Any CPU.ActiveCfg = Release|Any CPU
		{0E1F73E2-1017-48DC-9346-70124DF48C89}.Release|Any CPU.Build.0 = Release|Any CPU
		{3C5498DD-9ED0-4F4C-B631-8483ADF942E8}.Debug|Any CPU.ActiveCfg = Debug|Any CPU
		{3C5498DD-9ED0-4F4C-B631-8483ADF942E8}.Debug|Any CPU.Build.0 = Debug|Any CPU
		{3C5498DD-9ED0-4F4C-B631-8483ADF942E8}.Release|Any CPU.ActiveCfg = Release|Any CPU
		{3C5498DD-9ED0-4F4C-B631-8483ADF942E8}.Release|Any CPU.Build.0 = Release|Any CPU
		{EF76D098-CDCE-4A50-847B-57AB9ACBC002}.Debug|Any CPU.ActiveCfg = Debug|Any CPU
		{EF76D098-CDCE-4A50-847B-57AB9ACBC002}.Debug|Any CPU.Build.0 = Debug|Any CPU
		{EF76D098-CDCE-4A50-847B-57AB9ACBC002}.Release|Any CPU.ActiveCfg = Release|Any CPU
		{EF76D098-CDCE-4A50-847B-57AB9ACBC002}.Release|Any CPU.Build.0 = Release|Any CPU
		{F6B954D1-1924-4D3C-B8F2-749C2C874587}.Debug|Any CPU.ActiveCfg = Debug|Any CPU
		{F6B954D1-1924-4D3C-B8F2-749C2C874587}.Debug|Any CPU.Build.0 = Debug|Any CPU
		{F6B954D1-1924-4D3C-B8F2-749C2C874587}.Release|Any CPU.ActiveCfg = Release|Any CPU
		{F6B954D1-1924-4D3C-B8F2-749C2C874587}.Release|Any CPU.Build.0 = Release|Any CPU
		{66EA6D5B-650C-4FDE-B25B-7D79B3AEFA97}.Debug|Any CPU.ActiveCfg = Debug|Any CPU
		{66EA6D5B-650C-4FDE-B25B-7D79B3AEFA97}.Debug|Any CPU.Build.0 = Debug|Any CPU
		{66EA6D5B-650C-4FDE-B25B-7D79B3AEFA97}.Release|Any CPU.ActiveCfg = Release|Any CPU
		{66EA6D5B-650C-4FDE-B25B-7D79B3AEFA97}.Release|Any CPU.Build.0 = Release|Any CPU
	EndGlobalSection
	GlobalSection(SolutionProperties) = preSolution
		HideSolutionNode = FALSE
	EndGlobalSection
	GlobalSection(NestedProjects) = preSolution
		{5DEF088D-8F11-4ED4-8B38-008907EA1198} = {CDC2D07E-5812-4B73-92DF-72BDF498A3FA}
		{FC4131FF-48E2-4A2D-A7DB-09E1FFE9B5BB} = {CDC2D07E-5812-4B73-92DF-72BDF498A3FA}
		{270026D2-CDA6-4124-B153-51C9D0DD78D6} = {CDC2D07E-5812-4B73-92DF-72BDF498A3FA}
		{DDE1EC8D-FA84-4823-9B68-3B86A7CFE449} = {CDC2D07E-5812-4B73-92DF-72BDF498A3FA}
		{2C76B78C-1B32-47D0-8755-7C26EBA806C4} = {CDC2D07E-5812-4B73-92DF-72BDF498A3FA}
		{52524C94-4F9F-4088-963A-BB7A64845D8B} = {D7F134AC-BD76-4AF4-A492-7FE7BC21B2DF}
		{691115AE-D86F-4591-AC16-6B57A30ECEDC} = {D7F134AC-BD76-4AF4-A492-7FE7BC21B2DF}
		{23E4609A-9DE9-462E-BC7B-886FD8048BB8} = {D7F134AC-BD76-4AF4-A492-7FE7BC21B2DF}
		{C7B7E20F-02BB-40F8-BF18-795B1292DFDC} = {D7F134AC-BD76-4AF4-A492-7FE7BC21B2DF}
		{39897CA9-780E-412C-9F17-E30F16D361B7} = {D7F134AC-BD76-4AF4-A492-7FE7BC21B2DF}
		{97963C88-65FF-4BD1-8EF7-7E0382035BE6} = {C7C99C1F-9C7E-410F-A42A-B80F89C2672D}
		{C0AE955B-0E54-4C69-A7F1-B7D23DB65E68} = {C7C99C1F-9C7E-410F-A42A-B80F89C2672D}
		{35DCFE64-C8B6-4BD8-AE7D-359DEB53C32B} = {C7C99C1F-9C7E-410F-A42A-B80F89C2672D}
		{E14F440B-5178-48C2-A418-9D27CB09A999} = {C7C99C1F-9C7E-410F-A42A-B80F89C2672D}
		{0E1F73E2-1017-48DC-9346-70124DF48C89} = {CB035415-47C0-42A2-AF97-43C0DF241947}
		{3C5498DD-9ED0-4F4C-B631-8483ADF942E8} = {CB035415-47C0-42A2-AF97-43C0DF241947}
		{EF76D098-CDCE-4A50-847B-57AB9ACBC002} = {CB035415-47C0-42A2-AF97-43C0DF241947}
		{F6B954D1-1924-4D3C-B8F2-749C2C874587} = {CB035415-47C0-42A2-AF97-43C0DF241947}
		{66EA6D5B-650C-4FDE-B25B-7D79B3AEFA97} = {E97B7709-EBBD-4292-B74F-B4D45FCECDAC}
	EndGlobalSection
	GlobalSection(ExtensibilityGlobals) = postSolution
		SolutionGuid = {9F382A11-4555-41F2-9DF6-630539790796}
	EndGlobalSection
EndGlobal
